
Microsoft Visual Studio Solution File, Format Version 12.00
# Visual Studio Version 17
VisualStudioVersion = 17.11.35303.130
MinimumVisualStudioVersion = 10.0.40219.1
Project("{2150E333-8FDC-42A3-9474-1A3956D46DE8}") = "Task0", "Task0", "{74A9745F-16B5-4F66-8D8B-E9DABA8EED5D}"
EndProject
Project("{9A19103F-16F7-4668-BE54-9A1E7A4F7556}") = "Tyuiu.ChigurovMV.Sprint2.Task0.V5", "Tyuiu.ChigurovMV.Sprint2.Task0.V5\Tyuiu.ChigurovMV.Sprint2.Task0.V5.csproj", "{653E74D9-D06C-4975-B7A7-819ABCD39085}"
EndProject
Project("{9A19103F-16F7-4668-BE54-9A1E7A4F7556}") = "Tyuiu.ChigurovMV.Sprint2.Task0.V5.Test", "Tyuiu.ChigurovMV.Sprint2.Task0.V5.Test\Tyuiu.ChigurovMV.Sprint2.Task0.V5.Test.csproj", "{2ACFD0A9-5E52-49E3-9AED-2F9E4B9A29B3}"
EndProject
Project("{2150E333-8FDC-42A3-9474-1A3956D46DE8}") = "Task1", "Task1", "{45706078-E2C9-4566-BF7B-BDE56B0A036C}"
EndProject
Project("{9A19103F-16F7-4668-BE54-9A1E7A4F7556}") = "Tyuiu.ChigurovMV.Sprint2.Task1.V23", "Tyuiu.ChigurovMV.Sprint2.Task1.V23\Tyuiu.ChigurovMV.Sprint2.Task1.V23.csproj", "{A9E67312-0900-4CDC-A08A-499C2B015484}"
EndProject
Project("{9A19103F-16F7-4668-BE54-9A1E7A4F7556}") = "Tyuiu.ChigurovMV.Sprint2.Task1.V23.Lib", "Tyuiu.ChigurovMV.Sprint2.Task1.V23.Lib\Tyuiu.ChigurovMV.Sprint2.Task1.V23.Lib.csproj", "{E25BC241-F616-4328-B031-2D8B96CB66CA}"
EndProject
Project("{9A19103F-16F7-4668-BE54-9A1E7A4F7556}") = "Tyuiu.ChigurovMV.Sprint2.Task1.V23.Test", "Tyuiu.ChigurovMV.Sprint2.Task1.V23.Test\Tyuiu.ChigurovMV.Sprint2.Task1.V23.Test.csproj", "{3CDBFE59-393D-4E3E-90D7-8AF2BA53093F}"
EndProject
Project("{9A19103F-16F7-4668-BE54-9A1E7A4F7556}") = "Tyuiu.ChigurovMV.Sprint2.Task0.V5.Lib", "Tyuiu.ChigurovMV.Sprint2.Task0.V5.Lib\Tyuiu.ChigurovMV.Sprint2.Task0.V5.Lib.csproj", "{5C3ABC9D-9F39-4FC3-8885-8AA85214AC27}"
EndProject
Project("{2150E333-8FDC-42A3-9474-1A3956D46DE8}") = "Task2", "Task2", "{8515D7DA-F982-40CB-860C-87ADB9A4F85B}"
EndProject
Project("{9A19103F-16F7-4668-BE54-9A1E7A4F7556}") = "Tyuiu.ChigurovMV.Sprint2.Task2.V16.Lib", "Tyuiu.ChigurovMV.Sprint2.Task2.V16.Lib\Tyuiu.ChigurovMV.Sprint2.Task2.V16.Lib.csproj", "{FB2AF0E4-0AB7-41C0-8C6A-1F22B0E3A756}"
EndProject
Project("{9A19103F-16F7-4668-BE54-9A1E7A4F7556}") = "Tyuiu.ChigurovMV.Sprint2.Task2.V16", "Tyuiu.ChigurovMV.Sprint2.Task2.V16\Tyuiu.ChigurovMV.Sprint2.Task2.V16.csproj", "{3DDB8AF3-DBB0-4C69-AB99-913D780E60FA}"
EndProject
Project("{9A19103F-16F7-4668-BE54-9A1E7A4F7556}") = "Tyuiu.ChigurovMV.Sprint2.Task2.V16.Test", "Tyuiu.ChigurovMV.Sprint2.Task2.V16.Test\Tyuiu.ChigurovMV.Sprint2.Task2.V16.Test.csproj", "{2EB78408-D166-47EB-B765-9945DBE72D3A}"
EndProject
Project("{2150E333-8FDC-42A3-9474-1A3956D46DE8}") = "Task3", "Task3", "{FF3B313C-DC83-4D14-B468-36EE4D387074}"
EndProject
Project("{9A19103F-16F7-4668-BE54-9A1E7A4F7556}") = "Tyuiu.ChigurovMV.Sprint2.Task3.V26", "Tyuiu.ChigurovMV.Sprint2.Task3.V26\Tyuiu.ChigurovMV.Sprint2.Task3.V26.csproj", "{DBF70B31-2F15-4247-9822-25A615A8C036}"
EndProject
Project("{9A19103F-16F7-4668-BE54-9A1E7A4F7556}") = "Tyuiu.ChigurovMV.Sprint2.Task3.V26.Test", "Tyuiu.ChigurovMV.Sprint2.Task3.V26.Test\Tyuiu.ChigurovMV.Sprint2.Task3.V26.Test.csproj", "{5D552747-9D87-4F5F-A33F-8048AD06E8A9}"
EndProject
Project("{9A19103F-16F7-4668-BE54-9A1E7A4F7556}") = "Tyuiu.ChigurovMV.Sprint2.Task3.V26.Lib", "Tyuiu.ChigurovMV.Sprint2.Task3.V26.Lib\Tyuiu.ChigurovMV.Sprint2.Task3.V26.Lib.csproj", "{8560EEEE-71E4-44A2-A7DB-2199764BC13A}"
EndProject
Project("{2150E333-8FDC-42A3-9474-1A3956D46DE8}") = "Task4", "Task4", "{3F07D045-317B-4F70-AB8E-389016B896B7}"
EndProject
Project("{9A19103F-16F7-4668-BE54-9A1E7A4F7556}") = "Tyuiu.ChigurovMV.Sprint2.Task4.V26", "Tyuiu.ChigurovMV.Sprint2.Task4.V26\Tyuiu.ChigurovMV.Sprint2.Task4.V26.csproj", "{CC219998-768C-43D9-881A-F17BAE29739B}"
EndProject
Project("{9A19103F-16F7-4668-BE54-9A1E7A4F7556}") = "Tyuiu.ChigurovMV.Sprint2.Task4.V26.Lib", "Tyuiu.ChigurovMV.Sprint2.Task4.V26.Lib\Tyuiu.ChigurovMV.Sprint2.Task4.V26.Lib.csproj", "{1F396DB7-BDD2-4B39-A36F-85E9BD85D3E4}"
EndProject
Project("{9A19103F-16F7-4668-BE54-9A1E7A4F7556}") = "Tyuiu.ChigurovMV.Sprint2.Task4.V26.Test", "Tyuiu.ChigurovMV.Sprint2.Task4.V26.Test\Tyuiu.ChigurovMV.Sprint2.Task4.V26.Test.csproj", "{A9F52891-0F2A-4734-B602-1DF1BCAFE69C}"
EndProject
Project("{2150E333-8FDC-42A3-9474-1A3956D46DE8}") = "Task5", "Task5", "{D96F7A37-DCC3-4DD0-97E2-79874704B5B2}"
EndProject
Project("{9A19103F-16F7-4668-BE54-9A1E7A4F7556}") = "Tyuiu.ChigurovMV.Sprint2.Task5.V15", "Tyuiu.ChigurovMV.Sprint2.Task5.V15\Tyuiu.ChigurovMV.Sprint2.Task5.V15.csproj", "{BF05D259-2271-4E3C-B37E-D4E43881ED13}"
EndProject
Project("{9A19103F-16F7-4668-BE54-9A1E7A4F7556}") = "Tyuiu.ChigurovMV.Sprint2.Task5.V15.Test", "Tyuiu.ChigurovMV.Sprint2.Task5.V15.Test\Tyuiu.ChigurovMV.Sprint2.Task5.V15.Test.csproj", "{FF4794BA-9CCE-46DD-AFDF-780B574B70D7}"
EndProject
Project("{9A19103F-16F7-4668-BE54-9A1E7A4F7556}") = "Tyuiu.ChigurovMV.Sprint2.Task5.V15.Lib", "Tyuiu.ChigurovMV.Sprint2.Task5.V15.Lib\Tyuiu.ChigurovMV.Sprint2.Task5.V15.Lib.csproj", "{55E3E679-41EE-4A17-B825-F72BB9AC6BA7}"
EndProject
Project("{2150E333-8FDC-42A3-9474-1A3956D46DE8}") = "Task6", "Task6", "{F329C5FF-78DC-4620-92F7-F3B032332381}"
EndProject
Project("{FAE04EC0-301F-11D3-BF4B-00C04F79EFBC}") = "Tyuiu.ChigurovMV.Sprint2.Task6.V5.Lib", "Tyuiu.ChigurovMV.Sprint2.Task6.V5.Lib\Tyuiu.ChigurovMV.Sprint2.Task6.V5.Lib.csproj", "{BC92FF00-7D66-4330-AB98-3DE2B3642700}"
EndProject
Project("{FAE04EC0-301F-11D3-BF4B-00C04F79EFBC}") = "Tyuiu.ChigurovMV.Sprint2.Task6.V5.Test", "Tyuiu.ChigurovMV.Sprint2.Task6.V5.Test\Tyuiu.ChigurovMV.Sprint2.Task6.V5.Test.csproj", "{EC565106-E960-4F42-91E7-6667299B9948}"
EndProject
Project("{FAE04EC0-301F-11D3-BF4B-00C04F79EFBC}") = "Tyuiu.ChigurovMV.Sprint2.Task6.V5", "Tyuiu.ChigurovMV.Sprint2.Task6.V5\Tyuiu.ChigurovMV.Sprint2.Task6.V5.csproj", "{737AB0D2-6D10-4BF0-8EEE-00DAA89A837B}"
EndProject
Global
	GlobalSection(SolutionConfigurationPlatforms) = preSolution
		Debug|Any CPU = Debug|Any CPU
		Release|Any CPU = Release|Any CPU
	EndGlobalSection
	GlobalSection(ProjectConfigurationPlatforms) = postSolution
		{653E74D9-D06C-4975-B7A7-819ABCD39085}.Debug|Any CPU.ActiveCfg = Debug|Any CPU
		{653E74D9-D06C-4975-B7A7-819ABCD39085}.Debug|Any CPU.Build.0 = Debug|Any CPU
		{653E74D9-D06C-4975-B7A7-819ABCD39085}.Release|Any CPU.ActiveCfg = Release|Any CPU
		{653E74D9-D06C-4975-B7A7-819ABCD39085}.Release|Any CPU.Build.0 = Release|Any CPU
		{2ACFD0A9-5E52-49E3-9AED-2F9E4B9A29B3}.Debug|Any CPU.ActiveCfg = Debug|Any CPU
		{2ACFD0A9-5E52-49E3-9AED-2F9E4B9A29B3}.Debug|Any CPU.Build.0 = Debug|Any CPU
		{2ACFD0A9-5E52-49E3-9AED-2F9E4B9A29B3}.Release|Any CPU.ActiveCfg = Release|Any CPU
		{2ACFD0A9-5E52-49E3-9AED-2F9E4B9A29B3}.Release|Any CPU.Build.0 = Release|Any CPU
		{A9E67312-0900-4CDC-A08A-499C2B015484}.Debug|Any CPU.ActiveCfg = Debug|Any CPU
		{A9E67312-0900-4CDC-A08A-499C2B015484}.Debug|Any CPU.Build.0 = Debug|Any CPU
		{A9E67312-0900-4CDC-A08A-499C2B015484}.Release|Any CPU.ActiveCfg = Release|Any CPU
		{A9E67312-0900-4CDC-A08A-499C2B015484}.Release|Any CPU.Build.0 = Release|Any CPU
		{E25BC241-F616-4328-B031-2D8B96CB66CA}.Debug|Any CPU.ActiveCfg = Debug|Any CPU
		{E25BC241-F616-4328-B031-2D8B96CB66CA}.Debug|Any CPU.Build.0 = Debug|Any CPU
		{E25BC241-F616-4328-B031-2D8B96CB66CA}.Release|Any CPU.ActiveCfg = Release|Any CPU
		{E25BC241-F616-4328-B031-2D8B96CB66CA}.Release|Any CPU.Build.0 = Release|Any CPU
		{3CDBFE59-393D-4E3E-90D7-8AF2BA53093F}.Debug|Any CPU.ActiveCfg = Debug|Any CPU
		{3CDBFE59-393D-4E3E-90D7-8AF2BA53093F}.Debug|Any CPU.Build.0 = Debug|Any CPU
		{3CDBFE59-393D-4E3E-90D7-8AF2BA53093F}.Release|Any CPU.ActiveCfg = Release|Any CPU
		{3CDBFE59-393D-4E3E-90D7-8AF2BA53093F}.Release|Any CPU.Build.0 = Release|Any CPU
		{5C3ABC9D-9F39-4FC3-8885-8AA85214AC27}.Debug|Any CPU.ActiveCfg = Debug|Any CPU
		{5C3ABC9D-9F39-4FC3-8885-8AA85214AC27}.Debug|Any CPU.Build.0 = Debug|Any CPU
		{5C3ABC9D-9F39-4FC3-8885-8AA85214AC27}.Release|Any CPU.ActiveCfg = Release|Any CPU
		{5C3ABC9D-9F39-4FC3-8885-8AA85214AC27}.Release|Any CPU.Build.0 = Release|Any CPU
		{FB2AF0E4-0AB7-41C0-8C6A-1F22B0E3A756}.Debug|Any CPU.ActiveCfg = Debug|Any CPU
		{FB2AF0E4-0AB7-41C0-8C6A-1F22B0E3A756}.Debug|Any CPU.Build.0 = Debug|Any CPU
		{FB2AF0E4-0AB7-41C0-8C6A-1F22B0E3A756}.Release|Any CPU.ActiveCfg = Release|Any CPU
		{FB2AF0E4-0AB7-41C0-8C6A-1F22B0E3A756}.Release|Any CPU.Build.0 = Release|Any CPU
		{3DDB8AF3-DBB0-4C69-AB99-913D780E60FA}.Debug|Any CPU.ActiveCfg = Debug|Any CPU
		{3DDB8AF3-DBB0-4C69-AB99-913D780E60FA}.Debug|Any CPU.Build.0 = Debug|Any CPU
		{3DDB8AF3-DBB0-4C69-AB99-913D780E60FA}.Release|Any CPU.ActiveCfg = Release|Any CPU
		{3DDB8AF3-DBB0-4C69-AB99-913D780E60FA}.Release|Any CPU.Build.0 = Release|Any CPU
		{2EB78408-D166-47EB-B765-9945DBE72D3A}.Debug|Any CPU.ActiveCfg = Debug|Any CPU
		{2EB78408-D166-47EB-B765-9945DBE72D3A}.Debug|Any CPU.Build.0 = Debug|Any CPU
		{2EB78408-D166-47EB-B765-9945DBE72D3A}.Release|Any CPU.ActiveCfg = Release|Any CPU
		{2EB78408-D166-47EB-B765-9945DBE72D3A}.Release|Any CPU.Build.0 = Release|Any CPU
		{DBF70B31-2F15-4247-9822-25A615A8C036}.Debug|Any CPU.ActiveCfg = Debug|Any CPU
		{DBF70B31-2F15-4247-9822-25A615A8C036}.Debug|Any CPU.Build.0 = Debug|Any CPU
		{DBF70B31-2F15-4247-9822-25A615A8C036}.Release|Any CPU.ActiveCfg = Release|Any CPU
		{DBF70B31-2F15-4247-9822-25A615A8C036}.Release|Any CPU.Build.0 = Release|Any CPU
		{5D552747-9D87-4F5F-A33F-8048AD06E8A9}.Debug|Any CPU.ActiveCfg = Debug|Any CPU
		{5D552747-9D87-4F5F-A33F-8048AD06E8A9}.Debug|Any CPU.Build.0 = Debug|Any CPU
		{5D552747-9D87-4F5F-A33F-8048AD06E8A9}.Release|Any CPU.ActiveCfg = Release|Any CPU
		{5D552747-9D87-4F5F-A33F-8048AD06E8A9}.Release|Any CPU.Build.0 = Release|Any CPU
		{8560EEEE-71E4-44A2-A7DB-2199764BC13A}.Debug|Any CPU.ActiveCfg = Debug|Any CPU
		{8560EEEE-71E4-44A2-A7DB-2199764BC13A}.Debug|Any CPU.Build.0 = Debug|Any CPU
		{8560EEEE-71E4-44A2-A7DB-2199764BC13A}.Release|Any CPU.ActiveCfg = Release|Any CPU
		{8560EEEE-71E4-44A2-A7DB-2199764BC13A}.Release|Any CPU.Build.0 = Release|Any CPU
		{CC219998-768C-43D9-881A-F17BAE29739B}.Debug|Any CPU.ActiveCfg = Debug|Any CPU
		{CC219998-768C-43D9-881A-F17BAE29739B}.Debug|Any CPU.Build.0 = Debug|Any CPU
		{CC219998-768C-43D9-881A-F17BAE29739B}.Release|Any CPU.ActiveCfg = Release|Any CPU
		{CC219998-768C-43D9-881A-F17BAE29739B}.Release|Any CPU.Build.0 = Release|Any CPU
		{1F396DB7-BDD2-4B39-A36F-85E9BD85D3E4}.Debug|Any CPU.ActiveCfg = Debug|Any CPU
		{1F396DB7-BDD2-4B39-A36F-85E9BD85D3E4}.Debug|Any CPU.Build.0 = Debug|Any CPU
		{1F396DB7-BDD2-4B39-A36F-85E9BD85D3E4}.Release|Any CPU.ActiveCfg = Release|Any CPU
		{1F396DB7-BDD2-4B39-A36F-85E9BD85D3E4}.Release|Any CPU.Build.0 = Release|Any CPU
		{A9F52891-0F2A-4734-B602-1DF1BCAFE69C}.Debug|Any CPU.ActiveCfg = Debug|Any CPU
		{A9F52891-0F2A-4734-B602-1DF1BCAFE69C}.Debug|Any CPU.Build.0 = Debug|Any CPU
		{A9F52891-0F2A-4734-B602-1DF1BCAFE69C}.Release|Any CPU.ActiveCfg = Release|Any CPU
		{A9F52891-0F2A-4734-B602-1DF1BCAFE69C}.Release|Any CPU.Build.0 = Release|Any CPU
		{BF05D259-2271-4E3C-B37E-D4E43881ED13}.Debug|Any CPU.ActiveCfg = Debug|Any CPU
		{BF05D259-2271-4E3C-B37E-D4E43881ED13}.Debug|Any CPU.Build.0 = Debug|Any CPU
		{BF05D259-2271-4E3C-B37E-D4E43881ED13}.Release|Any CPU.ActiveCfg = Release|Any CPU
		{BF05D259-2271-4E3C-B37E-D4E43881ED13}.Release|Any CPU.Build.0 = Release|Any CPU
		{FF4794BA-9CCE-46DD-AFDF-780B574B70D7}.Debug|Any CPU.ActiveCfg = Debug|Any CPU
		{FF4794BA-9CCE-46DD-AFDF-780B574B70D7}.Debug|Any CPU.Build.0 = Debug|Any CPU
		{FF4794BA-9CCE-46DD-AFDF-780B574B70D7}.Release|Any CPU.ActiveCfg = Release|Any CPU
		{FF4794BA-9CCE-46DD-AFDF-780B574B70D7}.Release|Any CPU.Build.0 = Release|Any CPU
		{55E3E679-41EE-4A17-B825-F72BB9AC6BA7}.Debug|Any CPU.ActiveCfg = Debug|Any CPU
		{55E3E679-41EE-4A17-B825-F72BB9AC6BA7}.Debug|Any CPU.Build.0 = Debug|Any CPU
		{55E3E679-41EE-4A17-B825-F72BB9AC6BA7}.Release|Any CPU.ActiveCfg = Release|Any CPU
		{55E3E679-41EE-4A17-B825-F72BB9AC6BA7}.Release|Any CPU.Build.0 = Release|Any CPU
		{BC92FF00-7D66-4330-AB98-3DE2B3642700}.Debug|Any CPU.ActiveCfg = Debug|Any CPU
		{BC92FF00-7D66-4330-AB98-3DE2B3642700}.Debug|Any CPU.Build.0 = Debug|Any CPU
		{BC92FF00-7D66-4330-AB98-3DE2B3642700}.Release|Any CPU.ActiveCfg = Release|Any CPU
		{BC92FF00-7D66-4330-AB98-3DE2B3642700}.Release|Any CPU.Build.0 = Release|Any CPU
		{EC565106-E960-4F42-91E7-6667299B9948}.Debug|Any CPU.ActiveCfg = Debug|Any CPU
		{EC565106-E960-4F42-91E7-6667299B9948}.Debug|Any CPU.Build.0 = Debug|Any CPU
		{EC565106-E960-4F42-91E7-6667299B9948}.Release|Any CPU.ActiveCfg = Release|Any CPU
		{EC565106-E960-4F42-91E7-6667299B9948}.Release|Any CPU.Build.0 = Release|Any CPU
		{737AB0D2-6D10-4BF0-8EEE-00DAA89A837B}.Debug|Any CPU.ActiveCfg = Debug|Any CPU
		{737AB0D2-6D10-4BF0-8EEE-00DAA89A837B}.Debug|Any CPU.Build.0 = Debug|Any CPU
		{737AB0D2-6D10-4BF0-8EEE-00DAA89A837B}.Release|Any CPU.ActiveCfg = Release|Any CPU
		{737AB0D2-6D10-4BF0-8EEE-00DAA89A837B}.Release|Any CPU.Build.0 = Release|Any CPU
	EndGlobalSection
	GlobalSection(SolutionProperties) = preSolution
		HideSolutionNode = FALSE
	EndGlobalSection
	GlobalSection(NestedProjects) = preSolution
		{653E74D9-D06C-4975-B7A7-819ABCD39085} = {74A9745F-16B5-4F66-8D8B-E9DABA8EED5D}
		{2ACFD0A9-5E52-49E3-9AED-2F9E4B9A29B3} = {74A9745F-16B5-4F66-8D8B-E9DABA8EED5D}
		{A9E67312-0900-4CDC-A08A-499C2B015484} = {45706078-E2C9-4566-BF7B-BDE56B0A036C}
		{E25BC241-F616-4328-B031-2D8B96CB66CA} = {45706078-E2C9-4566-BF7B-BDE56B0A036C}
		{3CDBFE59-393D-4E3E-90D7-8AF2BA53093F} = {45706078-E2C9-4566-BF7B-BDE56B0A036C}
		{5C3ABC9D-9F39-4FC3-8885-8AA85214AC27} = {74A9745F-16B5-4F66-8D8B-E9DABA8EED5D}
		{FB2AF0E4-0AB7-41C0-8C6A-1F22B0E3A756} = {8515D7DA-F982-40CB-860C-87ADB9A4F85B}
		{3DDB8AF3-DBB0-4C69-AB99-913D780E60FA} = {8515D7DA-F982-40CB-860C-87ADB9A4F85B}
		{2EB78408-D166-47EB-B765-9945DBE72D3A} = {8515D7DA-F982-40CB-860C-87ADB9A4F85B}
		{DBF70B31-2F15-4247-9822-25A615A8C036} = {FF3B313C-DC83-4D14-B468-36EE4D387074}
		{5D552747-9D87-4F5F-A33F-8048AD06E8A9} = {FF3B313C-DC83-4D14-B468-36EE4D387074}
		{8560EEEE-71E4-44A2-A7DB-2199764BC13A} = {FF3B313C-DC83-4D14-B468-36EE4D387074}
		{CC219998-768C-43D9-881A-F17BAE29739B} = {3F07D045-317B-4F70-AB8E-389016B896B7}
		{1F396DB7-BDD2-4B39-A36F-85E9BD85D3E4} = {3F07D045-317B-4F70-AB8E-389016B896B7}
		{A9F52891-0F2A-4734-B602-1DF1BCAFE69C} = {3F07D045-317B-4F70-AB8E-389016B896B7}
		{BF05D259-2271-4E3C-B37E-D4E43881ED13} = {D96F7A37-DCC3-4DD0-97E2-79874704B5B2}
		{FF4794BA-9CCE-46DD-AFDF-780B574B70D7} = {D96F7A37-DCC3-4DD0-97E2-79874704B5B2}
		{55E3E679-41EE-4A17-B825-F72BB9AC6BA7} = {D96F7A37-DCC3-4DD0-97E2-79874704B5B2}
		{BC92FF00-7D66-4330-AB98-3DE2B3642700} = {F329C5FF-78DC-4620-92F7-F3B032332381}
		{EC565106-E960-4F42-91E7-6667299B9948} = {F329C5FF-78DC-4620-92F7-F3B032332381}
		{737AB0D2-6D10-4BF0-8EEE-00DAA89A837B} = {F329C5FF-78DC-4620-92F7-F3B032332381}
	EndGlobalSection
	GlobalSection(ExtensibilityGlobals) = postSolution
		SolutionGuid = {3E6DBA77-C28B-4035-979D-D2BFA23190BC}
	EndGlobalSection
EndGlobal
